
Microsoft Visual Studio Solution File, Format Version 12.00
# Visual Studio Version 16
VisualStudioVersion = 16.0.29911.84
MinimumVisualStudioVersion = 10.0.40219.1
Project("{FAE04EC0-301F-11D3-BF4B-00C04F79EFBC}") = "E-LearningPlatform", "E-LearningPlatform\E-LearningPlatform.csproj", "{01ED1075-DCCE-45B5-AE10-F4A3D1AA3FEB}"
EndProject
Global
	GlobalSection(SolutionConfigurationPlatforms) = preSolution
		Debug|Any CPU = Debug|Any CPU
		Release|Any CPU = Release|Any CPU
	EndGlobalSection
	GlobalSection(ProjectConfigurationPlatforms) = postSolution
		{01ED1075-DCCE-45B5-AE10-F4A3D1AA3FEB}.Debug|Any CPU.ActiveCfg = Debug|Any CPU
		{01ED1075-DCCE-45B5-AE10-F4A3D1AA3FEB}.Debug|Any CPU.Build.0 = Debug|Any CPU
		{01ED1075-DCCE-45B5-AE10-F4A3D1AA3FEB}.Release|Any CPU.ActiveCfg = Release|Any CPU
		{01ED1075-DCCE-45B5-AE10-F4A3D1AA3FEB}.Release|Any CPU.Build.0 = Release|Any CPU
	EndGlobalSection
	GlobalSection(SolutionProperties) = preSolution
		HideSolutionNode = FALSE
	EndGlobalSection
	GlobalSection(ExtensibilityGlobals) = postSolution
		SolutionGuid = {E9F83015-FF67-45F3-8978-520BCA03BF16}
	EndGlobalSection
EndGlobal
